
Microsoft Visual Studio Solution File, Format Version 12.00
# Visual Studio 14
VisualStudioVersion = 14.0.25420.1
MinimumVisualStudioVersion = 10.0.40219.1
Project("{FAE04EC0-301F-11D3-BF4B-00C04F79EFBC}") = "DijkstraAlgorithm.Lib", "DijkstraAlgorithm.Lib\DijkstraAlgorithm.Lib.csproj", "{5DF8D7E4-F6B0-4FBF-B305-37CB43835170}"
EndProject
Project("{FAE04EC0-301F-11D3-BF4B-00C04F79EFBC}") = "DijkstraAlgorithm.Demo", "DijkstraAlgorithm.Demo\DijkstraAlgorithm.Demo.csproj", "{678D8A90-839B-4C1D-8795-6FE2A5FB253E}"
EndProject
Project("{FAE04EC0-301F-11D3-BF4B-00C04F79EFBC}") = "DijkstraAlgorithm.Testing", "DijkstraAlgorithm.Testing\DijkstraAlgorithm.Testing.csproj", "{2684484A-C05D-45E0-ADB1-E600C2568EDD}"
EndProject
Global
	GlobalSection(SolutionConfigurationPlatforms) = preSolution
		Debug|Any CPU = Debug|Any CPU
		Release|Any CPU = Release|Any CPU
	EndGlobalSection
	GlobalSection(ProjectConfigurationPlatforms) = postSolution
		{5DF8D7E4-F6B0-4FBF-B305-37CB43835170}.Debug|Any CPU.ActiveCfg = Debug|Any CPU
		{5DF8D7E4-F6B0-4FBF-B305-37CB43835170}.Debug|Any CPU.Build.0 = Debug|Any CPU
		{5DF8D7E4-F6B0-4FBF-B305-37CB43835170}.Release|Any CPU.ActiveCfg = Release|Any CPU
		{5DF8D7E4-F6B0-4FBF-B305-37CB43835170}.Release|Any CPU.Build.0 = Release|Any CPU
		{678D8A90-839B-4C1D-8795-6FE2A5FB253E}.Debug|Any CPU.ActiveCfg = Debug|Any CPU
		{678D8A90-839B-4C1D-8795-6FE2A5FB253E}.Debug|Any CPU.Build.0 = Debug|Any CPU
		{678D8A90-839B-4C1D-8795-6FE2A5FB253E}.Release|Any CPU.ActiveCfg = Release|Any CPU
		{678D8A90-839B-4C1D-8795-6FE2A5FB253E}.Release|Any CPU.Build.0 = Release|Any CPU
		{2684484A-C05D-45E0-ADB1-E600C2568EDD}.Debug|Any CPU.ActiveCfg = Debug|Any CPU
		{2684484A-C05D-45E0-ADB1-E600C2568EDD}.Debug|Any CPU.Build.0 = Debug|Any CPU
		{2684484A-C05D-45E0-ADB1-E600C2568EDD}.Release|Any CPU.ActiveCfg = Release|Any CPU
		{2684484A-C05D-45E0-ADB1-E600C2568EDD}.Release|Any CPU.Build.0 = Release|Any CPU
	EndGlobalSection
	GlobalSection(SolutionProperties) = preSolution
		HideSolutionNode = FALSE
	EndGlobalSection
EndGlobal
